
Microsoft Visual Studio Solution File, Format Version 12.00
# Visual Studio 15
VisualStudioVersion = 15.0.26430.15
MinimumVisualStudioVersion = 10.0.40219.1
Project("{FAE04EC0-301F-11D3-BF4B-00C04F79EFBC}") = "XamarinMVVM.Android", "XamarinMVVM\XamarinMVVM.Android\XamarinMVVM.Android.csproj", "{9038E8EC-E133-4DDE-868B-9BB6EC933DBC}"
EndProject
Project("{FAE04EC0-301F-11D3-BF4B-00C04F79EFBC}") = "XamarinMVVM", "XamarinMVVM\XamarinMVVM\XamarinMVVM.csproj", "{65476515-CA5C-44A3-8EF7-A734ADA63A62}"
EndProject
Project("{FAE04EC0-301F-11D3-BF4B-00C04F79EFBC}") = "XamarinMVVM.UWP", "XamarinMVVM\XamarinMVVM.UWP\XamarinMVVM.UWP.csproj", "{C479C55A-78D9-4D59-B922-0CF8A741969F}"
EndProject
Project("{FAE04EC0-301F-11D3-BF4B-00C04F79EFBC}") = "XamarinMVVM.iOS", "XamarinMVVM\XamarinMVVM.iOS\XamarinMVVM.iOS.csproj", "{88CA62A8-7149-4B07-B2A5-8F036EF79E14}"
EndProject
Project("{FAE04EC0-301F-11D3-BF4B-00C04F79EFBC}") = "WebServicesDemo", "WebServicesDemo\WebServicesDemo.csproj", "{98046965-1E78-4616-8A62-CA118AEAB9D6}"
EndProject
Global
	GlobalSection(SolutionConfigurationPlatforms) = preSolution
		Ad-Hoc|Any CPU = Ad-Hoc|Any CPU
		Ad-Hoc|ARM = Ad-Hoc|ARM
		Ad-Hoc|iPhone = Ad-Hoc|iPhone
		Ad-Hoc|iPhoneSimulator = Ad-Hoc|iPhoneSimulator
		Ad-Hoc|x64 = Ad-Hoc|x64
		Ad-Hoc|x86 = Ad-Hoc|x86
		AppStore|Any CPU = AppStore|Any CPU
		AppStore|ARM = AppStore|ARM
		AppStore|iPhone = AppStore|iPhone
		AppStore|iPhoneSimulator = AppStore|iPhoneSimulator
		AppStore|x64 = AppStore|x64
		AppStore|x86 = AppStore|x86
		Debug|Any CPU = Debug|Any CPU
		Debug|ARM = Debug|ARM
		Debug|iPhone = Debug|iPhone
		Debug|iPhoneSimulator = Debug|iPhoneSimulator
		Debug|x64 = Debug|x64
		Debug|x86 = Debug|x86
		Release|Any CPU = Release|Any CPU
		Release|ARM = Release|ARM
		Release|iPhone = Release|iPhone
		Release|iPhoneSimulator = Release|iPhoneSimulator
		Release|x64 = Release|x64
		Release|x86 = Release|x86
	EndGlobalSection
	GlobalSection(ProjectConfigurationPlatforms) = postSolution
		{9038E8EC-E133-4DDE-868B-9BB6EC933DBC}.Ad-Hoc|Any CPU.ActiveCfg = Release|Any CPU
		{9038E8EC-E133-4DDE-868B-9BB6EC933DBC}.Ad-Hoc|Any CPU.Build.0 = Release|Any CPU
		{9038E8EC-E133-4DDE-868B-9BB6EC933DBC}.Ad-Hoc|Any CPU.Deploy.0 = Release|Any CPU
		{9038E8EC-E133-4DDE-868B-9BB6EC933DBC}.Ad-Hoc|ARM.ActiveCfg = Release|Any CPU
		{9038E8EC-E133-4DDE-868B-9BB6EC933DBC}.Ad-Hoc|ARM.Build.0 = Release|Any CPU
		{9038E8EC-E133-4DDE-868B-9BB6EC933DBC}.Ad-Hoc|ARM.Deploy.0 = Release|Any CPU
		{9038E8EC-E133-4DDE-868B-9BB6EC933DBC}.Ad-Hoc|iPhone.ActiveCfg = Release|Any CPU
		{9038E8EC-E133-4DDE-868B-9BB6EC933DBC}.Ad-Hoc|iPhone.Build.0 = Release|Any CPU
		{9038E8EC-E133-4DDE-868B-9BB6EC933DBC}.Ad-Hoc|iPhone.Deploy.0 = Release|Any CPU
		{9038E8EC-E133-4DDE-868B-9BB6EC933DBC}.Ad-Hoc|iPhoneSimulator.ActiveCfg = Release|Any CPU
		{9038E8EC-E133-4DDE-868B-9BB6EC933DBC}.Ad-Hoc|iPhoneSimulator.Build.0 = Release|Any CPU
		{9038E8EC-E133-4DDE-868B-9BB6EC933DBC}.Ad-Hoc|iPhoneSimulator.Deploy.0 = Release|Any CPU
		{9038E8EC-E133-4DDE-868B-9BB6EC933DBC}.Ad-Hoc|x64.ActiveCfg = Release|Any CPU
		{9038E8EC-E133-4DDE-868B-9BB6EC933DBC}.Ad-Hoc|x64.Build.0 = Release|Any CPU
		{9038E8EC-E133-4DDE-868B-9BB6EC933DBC}.Ad-Hoc|x64.Deploy.0 = Release|Any CPU
		{9038E8EC-E133-4DDE-868B-9BB6EC933DBC}.Ad-Hoc|x86.ActiveCfg = Release|Any CPU
		{9038E8EC-E133-4DDE-868B-9BB6EC933DBC}.Ad-Hoc|x86.Build.0 = Release|Any CPU
		{9038E8EC-E133-4DDE-868B-9BB6EC933DBC}.Ad-Hoc|x86.Deploy.0 = Release|Any CPU
		{9038E8EC-E133-4DDE-868B-9BB6EC933DBC}.AppStore|Any CPU.ActiveCfg = Release|Any CPU
		{9038E8EC-E133-4DDE-868B-9BB6EC933DBC}.AppStore|Any CPU.Build.0 = Release|Any CPU
		{9038E8EC-E133-4DDE-868B-9BB6EC933DBC}.AppStore|Any CPU.Deploy.0 = Release|Any CPU
		{9038E8EC-E133-4DDE-868B-9BB6EC933DBC}.AppStore|ARM.ActiveCfg = Release|Any CPU
		{9038E8EC-E133-4DDE-868B-9BB6EC933DBC}.AppStore|ARM.Build.0 = Release|Any CPU
		{9038E8EC-E133-4DDE-868B-9BB6EC933DBC}.AppStore|ARM.Deploy.0 = Release|Any CPU
		{9038E8EC-E133-4DDE-868B-9BB6EC933DBC}.AppStore|iPhone.ActiveCfg = Release|Any CPU
		{9038E8EC-E133-4DDE-868B-9BB6EC933DBC}.AppStore|iPhone.Build.0 = Release|Any CPU
		{9038E8EC-E133-4DDE-868B-9BB6EC933DBC}.AppStore|iPhone.Deploy.0 = Release|Any CPU
		{9038E8EC-E133-4DDE-868B-9BB6EC933DBC}.AppStore|iPhoneSimulator.ActiveCfg = Release|Any CPU
		{9038E8EC-E133-4DDE-868B-9BB6EC933DBC}.AppStore|iPhoneSimulator.Build.0 = Release|Any CPU
		{9038E8EC-E133-4DDE-868B-9BB6EC933DBC}.AppStore|iPhoneSimulator.Deploy.0 = Release|Any CPU
		{9038E8EC-E133-4DDE-868B-9BB6EC933DBC}.AppStore|x64.ActiveCfg = Release|Any CPU
		{9038E8EC-E133-4DDE-868B-9BB6EC933DBC}.AppStore|x64.Build.0 = Release|Any CPU
		{9038E8EC-E133-4DDE-868B-9BB6EC933DBC}.AppStore|x64.Deploy.0 = Release|Any CPU
		{9038E8EC-E133-4DDE-868B-9BB6EC933DBC}.AppStore|x86.ActiveCfg = Release|Any CPU
		{9038E8EC-E133-4DDE-868B-9BB6EC933DBC}.AppStore|x86.Build.0 = Release|Any CPU
		{9038E8EC-E133-4DDE-868B-9BB6EC933DBC}.AppStore|x86.Deploy.0 = Release|Any CPU
		{9038E8EC-E133-4DDE-868B-9BB6EC933DBC}.Debug|Any CPU.ActiveCfg = Debug|Any CPU
		{9038E8EC-E133-4DDE-868B-9BB6EC933DBC}.Debug|Any CPU.Build.0 = Debug|Any CPU
		{9038E8EC-E133-4DDE-868B-9BB6EC933DBC}.Debug|Any CPU.Deploy.0 = Debug|Any CPU
		{9038E8EC-E133-4DDE-868B-9BB6EC933DBC}.Debug|ARM.ActiveCfg = Debug|Any CPU
		{9038E8EC-E133-4DDE-868B-9BB6EC933DBC}.Debug|ARM.Build.0 = Debug|Any CPU
		{9038E8EC-E133-4DDE-868B-9BB6EC933DBC}.Debug|ARM.Deploy.0 = Debug|Any CPU
		{9038E8EC-E133-4DDE-868B-9BB6EC933DBC}.Debug|iPhone.ActiveCfg = Debug|Any CPU
		{9038E8EC-E133-4DDE-868B-9BB6EC933DBC}.Debug|iPhone.Build.0 = Debug|Any CPU
		{9038E8EC-E133-4DDE-868B-9BB6EC933DBC}.Debug|iPhone.Deploy.0 = Debug|Any CPU
		{9038E8EC-E133-4DDE-868B-9BB6EC933DBC}.Debug|iPhoneSimulator.ActiveCfg = Debug|Any CPU
		{9038E8EC-E133-4DDE-868B-9BB6EC933DBC}.Debug|iPhoneSimulator.Build.0 = Debug|Any CPU
		{9038E8EC-E133-4DDE-868B-9BB6EC933DBC}.Debug|iPhoneSimulator.Deploy.0 = Debug|Any CPU
		{9038E8EC-E133-4DDE-868B-9BB6EC933DBC}.Debug|x64.ActiveCfg = Debug|Any CPU
		{9038E8EC-E133-4DDE-868B-9BB6EC933DBC}.Debug|x64.Build.0 = Debug|Any CPU
		{9038E8EC-E133-4DDE-868B-9BB6EC933DBC}.Debug|x64.Deploy.0 = Debug|Any CPU
		{9038E8EC-E133-4DDE-868B-9BB6EC933DBC}.Debug|x86.ActiveCfg = Debug|Any CPU
		{9038E8EC-E133-4DDE-868B-9BB6EC933DBC}.Debug|x86.Build.0 = Debug|Any CPU
		{9038E8EC-E133-4DDE-868B-9BB6EC933DBC}.Debug|x86.Deploy.0 = Debug|Any CPU
		{9038E8EC-E133-4DDE-868B-9BB6EC933DBC}.Release|Any CPU.ActiveCfg = Release|Any CPU
		{9038E8EC-E133-4DDE-868B-9BB6EC933DBC}.Release|Any CPU.Build.0 = Release|Any CPU
		{9038E8EC-E133-4DDE-868B-9BB6EC933DBC}.Release|Any CPU.Deploy.0 = Release|Any CPU
		{9038E8EC-E133-4DDE-868B-9BB6EC933DBC}.Release|ARM.ActiveCfg = Release|Any CPU
		{9038E8EC-E133-4DDE-868B-9BB6EC933DBC}.Release|ARM.Build.0 = Release|Any CPU
		{9038E8EC-E133-4DDE-868B-9BB6EC933DBC}.Release|ARM.Deploy.0 = Release|Any CPU
		{9038E8EC-E133-4DDE-868B-9BB6EC933DBC}.Release|iPhone.ActiveCfg = Release|Any CPU
		{9038E8EC-E133-4DDE-868B-9BB6EC933DBC}.Release|iPhone.Build.0 = Release|Any CPU
		{9038E8EC-E133-4DDE-868B-9BB6EC933DBC}.Release|iPhone.Deploy.0 = Release|Any CPU
		{9038E8EC-E133-4DDE-868B-9BB6EC933DBC}.Release|iPhoneSimulator.ActiveCfg = Release|Any CPU
		{9038E8EC-E133-4DDE-868B-9BB6EC933DBC}.Release|iPhoneSimulator.Build.0 = Release|Any CPU
		{9038E8EC-E133-4DDE-868B-9BB6EC933DBC}.Release|iPhoneSimulator.Deploy.0 = Release|Any CPU
		{9038E8EC-E133-4DDE-868B-9BB6EC933DBC}.Release|x64.ActiveCfg = Release|Any CPU
		{9038E8EC-E133-4DDE-868B-9BB6EC933DBC}.Release|x64.Build.0 = Release|Any CPU
		{9038E8EC-E133-4DDE-868B-9BB6EC933DBC}.Release|x64.Deploy.0 = Release|Any CPU
		{9038E8EC-E133-4DDE-868B-9BB6EC933DBC}.Release|x86.ActiveCfg = Release|Any CPU
		{9038E8EC-E133-4DDE-868B-9BB6EC933DBC}.Release|x86.Build.0 = Release|Any CPU
		{9038E8EC-E133-4DDE-868B-9BB6EC933DBC}.Release|x86.Deploy.0 = Release|Any CPU
		{65476515-CA5C-44A3-8EF7-A734ADA63A62}.Ad-Hoc|Any CPU.ActiveCfg = Release|Any CPU
		{65476515-CA5C-44A3-8EF7-A734ADA63A62}.Ad-Hoc|Any CPU.Build.0 = Release|Any CPU
		{65476515-CA5C-44A3-8EF7-A734ADA63A62}.Ad-Hoc|ARM.ActiveCfg = Release|Any CPU
		{65476515-CA5C-44A3-8EF7-A734ADA63A62}.Ad-Hoc|ARM.Build.0 = Release|Any CPU
		{65476515-CA5C-44A3-8EF7-A734ADA63A62}.Ad-Hoc|iPhone.ActiveCfg = Release|Any CPU
		{65476515-CA5C-44A3-8EF7-A734ADA63A62}.Ad-Hoc|iPhone.Build.0 = Release|Any CPU
		{65476515-CA5C-44A3-8EF7-A734ADA63A62}.Ad-Hoc|iPhoneSimulator.ActiveCfg = Release|Any CPU
		{65476515-CA5C-44A3-8EF7-A734ADA63A62}.Ad-Hoc|iPhoneSimulator.Build.0 = Release|Any CPU
		{65476515-CA5C-44A3-8EF7-A734ADA63A62}.Ad-Hoc|x64.ActiveCfg = Release|Any CPU
		{65476515-CA5C-44A3-8EF7-A734ADA63A62}.Ad-Hoc|x64.Build.0 = Release|Any CPU
		{65476515-CA5C-44A3-8EF7-A734ADA63A62}.Ad-Hoc|x86.ActiveCfg = Release|Any CPU
		{65476515-CA5C-44A3-8EF7-A734ADA63A62}.Ad-Hoc|x86.Build.0 = Release|Any CPU
		{65476515-CA5C-44A3-8EF7-A734ADA63A62}.AppStore|Any CPU.ActiveCfg = Release|Any CPU
		{65476515-CA5C-44A3-8EF7-A734ADA63A62}.AppStore|Any CPU.Build.0 = Release|Any CPU
		{65476515-CA5C-44A3-8EF7-A734ADA63A62}.AppStore|ARM.ActiveCfg = Release|Any CPU
		{65476515-CA5C-44A3-8EF7-A734ADA63A62}.AppStore|ARM.Build.0 = Release|Any CPU
		{65476515-CA5C-44A3-8EF7-A734ADA63A62}.AppStore|iPhone.ActiveCfg = Release|Any CPU
		{65476515-CA5C-44A3-8EF7-A734ADA63A62}.AppStore|iPhone.Build.0 = Release|Any CPU
		{65476515-CA5C-44A3-8EF7-A734ADA63A62}.AppStore|iPhoneSimulator.ActiveCfg = Release|Any CPU
		{65476515-CA5C-44A3-8EF7-A734ADA63A62}.AppStore|iPhoneSimulator.Build.0 = Release|Any CPU
		{65476515-CA5C-44A3-8EF7-A734ADA63A62}.AppStore|x64.ActiveCfg = Release|Any CPU
		{65476515-CA5C-44A3-8EF7-A734ADA63A62}.AppStore|x64.Build.0 = Release|Any CPU
		{65476515-CA5C-44A3-8EF7-A734ADA63A62}.AppStore|x86.ActiveCfg = Release|Any CPU
		{65476515-CA5C-44A3-8EF7-A734ADA63A62}.AppStore|x86.Build.0 = Release|Any CPU
		{65476515-CA5C-44A3-8EF7-A734ADA63A62}.Debug|Any CPU.ActiveCfg = Debug|Any CPU
		{65476515-CA5C-44A3-8EF7-A734ADA63A62}.Debug|Any CPU.Build.0 = Debug|Any CPU
		{65476515-CA5C-44A3-8EF7-A734ADA63A62}.Debug|ARM.ActiveCfg = Debug|Any CPU
		{65476515-CA5C-44A3-8EF7-A734ADA63A62}.Debug|ARM.Build.0 = Debug|Any CPU
		{65476515-CA5C-44A3-8EF7-A734ADA63A62}.Debug|iPhone.ActiveCfg = Debug|Any CPU
		{65476515-CA5C-44A3-8EF7-A734ADA63A62}.Debug|iPhone.Build.0 = Debug|Any CPU
		{65476515-CA5C-44A3-8EF7-A734ADA63A62}.Debug|iPhoneSimulator.ActiveCfg = Debug|Any CPU
		{65476515-CA5C-44A3-8EF7-A734ADA63A62}.Debug|iPhoneSimulator.Build.0 = Debug|Any CPU
		{65476515-CA5C-44A3-8EF7-A734ADA63A62}.Debug|x64.ActiveCfg = Debug|Any CPU
		{65476515-CA5C-44A3-8EF7-A734ADA63A62}.Debug|x64.Build.0 = Debug|Any CPU
		{65476515-CA5C-44A3-8EF7-A734ADA63A62}.Debug|x86.ActiveCfg = Debug|Any CPU
		{65476515-CA5C-44A3-8EF7-A734ADA63A62}.Debug|x86.Build.0 = Debug|Any CPU
		{65476515-CA5C-44A3-8EF7-A734ADA63A62}.Release|Any CPU.ActiveCfg = Release|Any CPU
		{65476515-CA5C-44A3-8EF7-A734ADA63A62}.Release|Any CPU.Build.0 = Release|Any CPU
		{65476515-CA5C-44A3-8EF7-A734ADA63A62}.Release|ARM.ActiveCfg = Release|Any CPU
		{65476515-CA5C-44A3-8EF7-A734ADA63A62}.Release|ARM.Build.0 = Release|Any CPU
		{65476515-CA5C-44A3-8EF7-A734ADA63A62}.Release|iPhone.ActiveCfg = Release|Any CPU
		{65476515-CA5C-44A3-8EF7-A734ADA63A62}.Release|iPhone.Build.0 = Release|Any CPU
		{65476515-CA5C-44A3-8EF7-A734ADA63A62}.Release|iPhoneSimulator.ActiveCfg = Release|Any CPU
		{65476515-CA5C-44A3-8EF7-A734ADA63A62}.Release|iPhoneSimulator.Build.0 = Release|Any CPU
		{65476515-CA5C-44A3-8EF7-A734ADA63A62}.Release|x64.ActiveCfg = Release|Any CPU
		{65476515-CA5C-44A3-8EF7-A734ADA63A62}.Release|x64.Build.0 = Release|Any CPU
		{65476515-CA5C-44A3-8EF7-A734ADA63A62}.Release|x86.ActiveCfg = Release|Any CPU
		{65476515-CA5C-44A3-8EF7-A734ADA63A62}.Release|x86.Build.0 = Release|Any CPU
		{C479C55A-78D9-4D59-B922-0CF8A741969F}.Ad-Hoc|Any CPU.ActiveCfg = Release|x86
		{C479C55A-78D9-4D59-B922-0CF8A741969F}.Ad-Hoc|Any CPU.Build.0 = Release|x86
		{C479C55A-78D9-4D59-B922-0CF8A741969F}.Ad-Hoc|Any CPU.Deploy.0 = Release|x86
		{C479C55A-78D9-4D59-B922-0CF8A741969F}.Ad-Hoc|ARM.ActiveCfg = Release|ARM
		{C479C55A-78D9-4D59-B922-0CF8A741969F}.Ad-Hoc|ARM.Build.0 = Release|ARM
		{C479C55A-78D9-4D59-B922-0CF8A741969F}.Ad-Hoc|ARM.Deploy.0 = Release|ARM
		{C479C55A-78D9-4D59-B922-0CF8A741969F}.Ad-Hoc|iPhone.ActiveCfg = Release|x86
		{C479C55A-78D9-4D59-B922-0CF8A741969F}.Ad-Hoc|iPhone.Build.0 = Release|x86
		{C479C55A-78D9-4D59-B922-0CF8A741969F}.Ad-Hoc|iPhone.Deploy.0 = Release|x86
		{C479C55A-78D9-4D59-B922-0CF8A741969F}.Ad-Hoc|iPhoneSimulator.ActiveCfg = Release|x86
		{C479C55A-78D9-4D59-B922-0CF8A741969F}.Ad-Hoc|iPhoneSimulator.Build.0 = Release|x86
		{C479C55A-78D9-4D59-B922-0CF8A741969F}.Ad-Hoc|iPhoneSimulator.Deploy.0 = Release|x86
		{C479C55A-78D9-4D59-B922-0CF8A741969F}.Ad-Hoc|x64.ActiveCfg = Release|x64
		{C479C55A-78D9-4D59-B922-0CF8A741969F}.Ad-Hoc|x64.Build.0 = Release|x64
		{C479C55A-78D9-4D59-B922-0CF8A741969F}.Ad-Hoc|x64.Deploy.0 = Release|x64
		{C479C55A-78D9-4D59-B922-0CF8A741969F}.Ad-Hoc|x86.ActiveCfg = Release|x86
		{C479C55A-78D9-4D59-B922-0CF8A741969F}.Ad-Hoc|x86.Build.0 = Release|x86
		{C479C55A-78D9-4D59-B922-0CF8A741969F}.Ad-Hoc|x86.Deploy.0 = Release|x86
		{C479C55A-78D9-4D59-B922-0CF8A741969F}.AppStore|Any CPU.ActiveCfg = Release|x86
		{C479C55A-78D9-4D59-B922-0CF8A741969F}.AppStore|Any CPU.Build.0 = Release|x86
		{C479C55A-78D9-4D59-B922-0CF8A741969F}.AppStore|Any CPU.Deploy.0 = Release|x86
		{C479C55A-78D9-4D59-B922-0CF8A741969F}.AppStore|ARM.ActiveCfg = Release|ARM
		{C479C55A-78D9-4D59-B922-0CF8A741969F}.AppStore|ARM.Build.0 = Release|ARM
		{C479C55A-78D9-4D59-B922-0CF8A741969F}.AppStore|ARM.Deploy.0 = Release|ARM
		{C479C55A-78D9-4D59-B922-0CF8A741969F}.AppStore|iPhone.ActiveCfg = Release|x86
		{C479C55A-78D9-4D59-B922-0CF8A741969F}.AppStore|iPhone.Build.0 = Release|x86
		{C479C55A-78D9-4D59-B922-0CF8A741969F}.AppStore|iPhone.Deploy.0 = Release|x86
		{C479C55A-78D9-4D59-B922-0CF8A741969F}.AppStore|iPhoneSimulator.ActiveCfg = Release|x86
		{C479C55A-78D9-4D59-B922-0CF8A741969F}.AppStore|iPhoneSimulator.Build.0 = Release|x86
		{C479C55A-78D9-4D59-B922-0CF8A741969F}.AppStore|iPhoneSimulator.Deploy.0 = Release|x86
		{C479C55A-78D9-4D59-B922-0CF8A741969F}.AppStore|x64.ActiveCfg = Release|x64
		{C479C55A-78D9-4D59-B922-0CF8A741969F}.AppStore|x64.Build.0 = Release|x64
		{C479C55A-78D9-4D59-B922-0CF8A741969F}.AppStore|x64.Deploy.0 = Release|x64
		{C479C55A-78D9-4D59-B922-0CF8A741969F}.AppStore|x86.ActiveCfg = Release|x86
		{C479C55A-78D9-4D59-B922-0CF8A741969F}.AppStore|x86.Build.0 = Release|x86
		{C479C55A-78D9-4D59-B922-0CF8A741969F}.AppStore|x86.Deploy.0 = Release|x86
		{C479C55A-78D9-4D59-B922-0CF8A741969F}.Debug|Any CPU.ActiveCfg = Debug|x86
		{C479C55A-78D9-4D59-B922-0CF8A741969F}.Debug|ARM.ActiveCfg = Debug|ARM
		{C479C55A-78D9-4D59-B922-0CF8A741969F}.Debug|ARM.Build.0 = Debug|ARM
		{C479C55A-78D9-4D59-B922-0CF8A741969F}.Debug|ARM.Deploy.0 = Debug|ARM
		{C479C55A-78D9-4D59-B922-0CF8A741969F}.Debug|iPhone.ActiveCfg = Debug|x86
		{C479C55A-78D9-4D59-B922-0CF8A741969F}.Debug|iPhoneSimulator.ActiveCfg = Debug|x86
		{C479C55A-78D9-4D59-B922-0CF8A741969F}.Debug|x64.ActiveCfg = Debug|x64
		{C479C55A-78D9-4D59-B922-0CF8A741969F}.Debug|x64.Build.0 = Debug|x64
		{C479C55A-78D9-4D59-B922-0CF8A741969F}.Debug|x64.Deploy.0 = Debug|x64
		{C479C55A-78D9-4D59-B922-0CF8A741969F}.Debug|x86.ActiveCfg = Debug|x86
		{C479C55A-78D9-4D59-B922-0CF8A741969F}.Debug|x86.Build.0 = Debug|x86
		{C479C55A-78D9-4D59-B922-0CF8A741969F}.Debug|x86.Deploy.0 = Debug|x86
		{C479C55A-78D9-4D59-B922-0CF8A741969F}.Release|Any CPU.ActiveCfg = Release|x86
		{C479C55A-78D9-4D59-B922-0CF8A741969F}.Release|ARM.ActiveCfg = Release|ARM
		{C479C55A-78D9-4D59-B922-0CF8A741969F}.Release|ARM.Build.0 = Release|ARM
		{C479C55A-78D9-4D59-B922-0CF8A741969F}.Release|ARM.Deploy.0 = Release|ARM
		{C479C55A-78D9-4D59-B922-0CF8A741969F}.Release|iPhone.ActiveCfg = Release|x86
		{C479C55A-78D9-4D59-B922-0CF8A741969F}.Release|iPhoneSimulator.ActiveCfg = Release|x86
		{C479C55A-78D9-4D59-B922-0CF8A741969F}.Release|x64.ActiveCfg = Release|x64
		{C479C55A-78D9-4D59-B922-0CF8A741969F}.Release|x64.Build.0 = Release|x64
		{C479C55A-78D9-4D59-B922-0CF8A741969F}.Release|x64.Deploy.0 = Release|x64
		{C479C55A-78D9-4D59-B922-0CF8A741969F}.Release|x86.ActiveCfg = Release|x86
		{C479C55A-78D9-4D59-B922-0CF8A741969F}.Release|x86.Build.0 = Release|x86
		{C479C55A-78D9-4D59-B922-0CF8A741969F}.Release|x86.Deploy.0 = Release|x86
		{88CA62A8-7149-4B07-B2A5-8F036EF79E14}.Ad-Hoc|Any CPU.ActiveCfg = Ad-Hoc|iPhone
		{88CA62A8-7149-4B07-B2A5-8F036EF79E14}.Ad-Hoc|ARM.ActiveCfg = Ad-Hoc|iPhone
		{88CA62A8-7149-4B07-B2A5-8F036EF79E14}.Ad-Hoc|iPhone.ActiveCfg = Ad-Hoc|iPhone
		{88CA62A8-7149-4B07-B2A5-8F036EF79E14}.Ad-Hoc|iPhone.Build.0 = Ad-Hoc|iPhone
		{88CA62A8-7149-4B07-B2A5-8F036EF79E14}.Ad-Hoc|iPhoneSimulator.ActiveCfg = Ad-Hoc|iPhoneSimulator
		{88CA62A8-7149-4B07-B2A5-8F036EF79E14}.Ad-Hoc|iPhoneSimulator.Build.0 = Ad-Hoc|iPhoneSimulator
		{88CA62A8-7149-4B07-B2A5-8F036EF79E14}.Ad-Hoc|x64.ActiveCfg = Ad-Hoc|iPhone
		{88CA62A8-7149-4B07-B2A5-8F036EF79E14}.Ad-Hoc|x86.ActiveCfg = Ad-Hoc|iPhone
		{88CA62A8-7149-4B07-B2A5-8F036EF79E14}.AppStore|Any CPU.ActiveCfg = AppStore|iPhone
		{88CA62A8-7149-4B07-B2A5-8F036EF79E14}.AppStore|ARM.ActiveCfg = AppStore|iPhone
		{88CA62A8-7149-4B07-B2A5-8F036EF79E14}.AppStore|iPhone.ActiveCfg = AppStore|iPhone
		{88CA62A8-7149-4B07-B2A5-8F036EF79E14}.AppStore|iPhone.Build.0 = AppStore|iPhone
		{88CA62A8-7149-4B07-B2A5-8F036EF79E14}.AppStore|iPhoneSimulator.ActiveCfg = AppStore|iPhoneSimulator
		{88CA62A8-7149-4B07-B2A5-8F036EF79E14}.AppStore|iPhoneSimulator.Build.0 = AppStore|iPhoneSimulator
		{88CA62A8-7149-4B07-B2A5-8F036EF79E14}.AppStore|x64.ActiveCfg = AppStore|iPhone
		{88CA62A8-7149-4B07-B2A5-8F036EF79E14}.AppStore|x86.ActiveCfg = AppStore|iPhone
		{88CA62A8-7149-4B07-B2A5-8F036EF79E14}.Debug|Any CPU.ActiveCfg = Debug|iPhone
		{88CA62A8-7149-4B07-B2A5-8F036EF79E14}.Debug|ARM.ActiveCfg = Debug|iPhone
		{88CA62A8-7149-4B07-B2A5-8F036EF79E14}.Debug|iPhone.ActiveCfg = Debug|iPhone
		{88CA62A8-7149-4B07-B2A5-8F036EF79E14}.Debug|iPhone.Build.0 = Debug|iPhone
		{88CA62A8-7149-4B07-B2A5-8F036EF79E14}.Debug|iPhoneSimulator.ActiveCfg = Debug|iPhoneSimulator
		{88CA62A8-7149-4B07-B2A5-8F036EF79E14}.Debug|iPhoneSimulator.Build.0 = Debug|iPhoneSimulator
		{88CA62A8-7149-4B07-B2A5-8F036EF79E14}.Debug|x64.ActiveCfg = Debug|iPhone
		{88CA62A8-7149-4B07-B2A5-8F036EF79E14}.Debug|x86.ActiveCfg = Debug|iPhone
		{88CA62A8-7149-4B07-B2A5-8F036EF79E14}.Release|Any CPU.ActiveCfg = Release|iPhone
		{88CA62A8-7149-4B07-B2A5-8F036EF79E14}.Release|ARM.ActiveCfg = Release|iPhone
		{88CA62A8-7149-4B07-B2A5-8F036EF79E14}.Release|iPhone.ActiveCfg = Release|iPhone
		{88CA62A8-7149-4B07-B2A5-8F036EF79E14}.Release|iPhone.Build.0 = Release|iPhone
		{88CA62A8-7149-4B07-B2A5-8F036EF79E14}.Release|iPhoneSimulator.ActiveCfg = Release|iPhoneSimulator
		{88CA62A8-7149-4B07-B2A5-8F036EF79E14}.Release|iPhoneSimulator.Build.0 = Release|iPhoneSimulator
		{88CA62A8-7149-4B07-B2A5-8F036EF79E14}.Release|x64.ActiveCfg = Release|iPhone
		{88CA62A8-7149-4B07-B2A5-8F036EF79E14}.Release|x86.ActiveCfg = Release|iPhone
		{98046965-1E78-4616-8A62-CA118AEAB9D6}.Ad-Hoc|Any CPU.ActiveCfg = Release|Any CPU
		{98046965-1E78-4616-8A62-CA118AEAB9D6}.Ad-Hoc|Any CPU.Build.0 = Release|Any CPU
		{98046965-1E78-4616-8A62-CA118AEAB9D6}.Ad-Hoc|ARM.ActiveCfg = Release|Any CPU
		{98046965-1E78-4616-8A62-CA118AEAB9D6}.Ad-Hoc|ARM.Build.0 = Release|Any CPU
		{98046965-1E78-4616-8A62-CA118AEAB9D6}.Ad-Hoc|iPhone.ActiveCfg = Release|Any CPU
		{98046965-1E78-4616-8A62-CA118AEAB9D6}.Ad-Hoc|iPhone.Build.0 = Release|Any CPU
		{98046965-1E78-4616-8A62-CA118AEAB9D6}.Ad-Hoc|iPhoneSimulator.ActiveCfg = Release|Any CPU
		{98046965-1E78-4616-8A62-CA118AEAB9D6}.Ad-Hoc|iPhoneSimulator.Build.0 = Release|Any CPU
		{98046965-1E78-4616-8A62-CA118AEAB9D6}.Ad-Hoc|x64.ActiveCfg = Release|Any CPU
		{98046965-1E78-4616-8A62-CA118AEAB9D6}.Ad-Hoc|x64.Build.0 = Release|Any CPU
		{98046965-1E78-4616-8A62-CA118AEAB9D6}.Ad-Hoc|x86.ActiveCfg = Release|Any CPU
		{98046965-1E78-4616-8A62-CA118AEAB9D6}.Ad-Hoc|x86.Build.0 = Release|Any CPU
		{98046965-1E78-4616-8A62-CA118AEAB9D6}.AppStore|Any CPU.ActiveCfg = Release|Any CPU
		{98046965-1E78-4616-8A62-CA118AEAB9D6}.AppStore|Any CPU.Build.0 = Release|Any CPU
		{98046965-1E78-4616-8A62-CA118AEAB9D6}.AppStore|ARM.ActiveCfg = Release|Any CPU
		{98046965-1E78-4616-8A62-CA118AEAB9D6}.AppStore|ARM.Build.0 = Release|Any CPU
		{98046965-1E78-4616-8A62-CA118AEAB9D6}.AppStore|iPhone.ActiveCfg = Release|Any CPU
		{98046965-1E78-4616-8A62-CA118AEAB9D6}.AppStore|iPhone.Build.0 = Release|Any CPU
		{98046965-1E78-4616-8A62-CA118AEAB9D6}.AppStore|iPhoneSimulator.ActiveCfg = Release|Any CPU
		{98046965-1E78-4616-8A62-CA118AEAB9D6}.AppStore|iPhoneSimulator.Build.0 = Release|Any CPU
		{98046965-1E78-4616-8A62-CA118AEAB9D6}.AppStore|x64.ActiveCfg = Release|Any CPU
		{98046965-1E78-4616-8A62-CA118AEAB9D6}.AppStore|x64.Build.0 = Release|Any CPU
		{98046965-1E78-4616-8A62-CA118AEAB9D6}.AppStore|x86.ActiveCfg = Release|Any CPU
		{98046965-1E78-4616-8A62-CA118AEAB9D6}.AppStore|x86.Build.0 = Release|Any CPU
		{98046965-1E78-4616-8A62-CA118AEAB9D6}.Debug|Any CPU.ActiveCfg = Debug|Any CPU
		{98046965-1E78-4616-8A62-CA118AEAB9D6}.Debug|Any CPU.Build.0 = Debug|Any CPU
		{98046965-1E78-4616-8A62-CA118AEAB9D6}.Debug|ARM.ActiveCfg = Debug|Any CPU
		{98046965-1E78-4616-8A62-CA118AEAB9D6}.Debug|ARM.Build.0 = Debug|Any CPU
		{98046965-1E78-4616-8A62-CA118AEAB9D6}.Debug|iPhone.ActiveCfg = Debug|Any CPU
		{98046965-1E78-4616-8A62-CA118AEAB9D6}.Debug|iPhone.Build.0 = Debug|Any CPU
		{98046965-1E78-4616-8A62-CA118AEAB9D6}.Debug|iPhoneSimulator.ActiveCfg = Debug|Any CPU
		{98046965-1E78-4616-8A62-CA118AEAB9D6}.Debug|iPhoneSimulator.Build.0 = Debug|Any CPU
		{98046965-1E78-4616-8A62-CA118AEAB9D6}.Debug|x64.ActiveCfg = Debug|Any CPU
		{98046965-1E78-4616-8A62-CA118AEAB9D6}.Debug|x64.Build.0 = Debug|Any CPU
		{98046965-1E78-4616-8A62-CA118AEAB9D6}.Debug|x86.ActiveCfg = Debug|Any CPU
		{98046965-1E78-4616-8A62-CA118AEAB9D6}.Debug|x86.Build.0 = Debug|Any CPU
		{98046965-1E78-4616-8A62-CA118AEAB9D6}.Release|Any CPU.ActiveCfg = Release|Any CPU
		{98046965-1E78-4616-8A62-CA118AEAB9D6}.Release|Any CPU.Build.0 = Release|Any CPU
		{98046965-1E78-4616-8A62-CA118AEAB9D6}.Release|ARM.ActiveCfg = Release|Any CPU
		{98046965-1E78-4616-8A62-CA118AEAB9D6}.Release|ARM.Build.0 = Release|Any CPU
		{98046965-1E78-4616-8A62-CA118AEAB9D6}.Release|iPhone.ActiveCfg = Release|Any CPU
		{98046965-1E78-4616-8A62-CA118AEAB9D6}.Release|iPhone.Build.0 = Release|Any CPU
		{98046965-1E78-4616-8A62-CA118AEAB9D6}.Release|iPhoneSimulator.ActiveCfg = Release|Any CPU
		{98046965-1E78-4616-8A62-CA118AEAB9D6}.Release|iPhoneSimulator.Build.0 = Release|Any CPU
		{98046965-1E78-4616-8A62-CA118AEAB9D6}.Release|x64.ActiveCfg = Release|Any CPU
		{98046965-1E78-4616-8A62-CA118AEAB9D6}.Release|x64.Build.0 = Release|Any CPU
		{98046965-1E78-4616-8A62-CA118AEAB9D6}.Release|x86.ActiveCfg = Release|Any CPU
		{98046965-1E78-4616-8A62-CA118AEAB9D6}.Release|x86.Build.0 = Release|Any CPU
	EndGlobalSection
	GlobalSection(SolutionProperties) = preSolution
		HideSolutionNode = FALSE
	EndGlobalSection
EndGlobal
